
Microsoft Visual Studio Solution File, Format Version 12.00
# Visual Studio Version 17
VisualStudioVersion = 17.14.36121.58 d17.14
MinimumVisualStudioVersion = 10.0.40219.1
Project("{FAE04EC0-301F-11D3-BF4B-00C04F79EFBC}") = "UserManagementModel", "UserManagementModel.csproj", "{B2B45BE7-F997-4465-A445-258D15F17A2A}"
EndProject
Global
	GlobalSection(SolutionConfigurationPlatforms) = preSolution
		Debug|Any CPU = Debug|Any CPU
		Release|Any CPU = Release|Any CPU
	EndGlobalSection
	GlobalSection(ProjectConfigurationPlatforms) = postSolution
		{B2B45BE7-F997-4465-A445-258D15F17A2A}.Debug|Any CPU.ActiveCfg = Debug|Any CPU
		{B2B45BE7-F997-4465-A445-258D15F17A2A}.Debug|Any CPU.Build.0 = Debug|Any CPU
		{B2B45BE7-F997-4465-A445-258D15F17A2A}.Release|Any CPU.ActiveCfg = Release|Any CPU
		{B2B45BE7-F997-4465-A445-258D15F17A2A}.Release|Any CPU.Build.0 = Release|Any CPU
	EndGlobalSection
	GlobalSection(SolutionProperties) = preSolution
		HideSolutionNode = FALSE
	EndGlobalSection
	GlobalSection(ExtensibilityGlobals) = postSolution
		SolutionGuid = {D7B18316-7C86-4777-8D72-1A2558DC1B2B}
	EndGlobalSection
EndGlobal
